# THIS IS AN AUTOGENERATED FILE. DO NOT EDIT THIS FILE DIRECTLY.
# yarn lockfile v1


weui-miniprogram@^1.5.6:
  version "1.5.6"
  resolved "https://registry.yarnpkg.com/weui-miniprogram/-/weui-miniprogram-1.5.6.tgz#fe4896b4f939fb16f5e4e994599e17c1aead393a"
  integrity sha512-bGRHUdrQkFf6FzNT5UTapAMRdZQF0UP2uKu9ZR4MkPNwO3cWzlrkW8vBLxdS6k02O3VeNFATj/AsBCjHAsMBzA==
